
Microsoft Visual Studio Solution File, Format Version 12.00
# Visual Studio Version 16
VisualStudioVersion = 16.0.29519.181
MinimumVisualStudioVersion = 10.0.40219.1
Project("{FAE04EC0-301F-11D3-BF4B-00C04F79EFBC}") = "Calculatrice", "Calculatrice\Calculatrice.csproj", "{BF52266C-2E90-4819-B84C-34D33567EF17}"
EndProject
Global
	GlobalSection(SolutionConfigurationPlatforms) = preSolution
		Debug|Any CPU = Debug|Any CPU
		Release|Any CPU = Release|Any CPU
	EndGlobalSection
	GlobalSection(ProjectConfigurationPlatforms) = postSolution
		{BF52266C-2E90-4819-B84C-34D33567EF17}.Debug|Any CPU.ActiveCfg = Debug|Any CPU
		{BF52266C-2E90-4819-B84C-34D33567EF17}.Debug|Any CPU.Build.0 = Debug|Any CPU
		{BF52266C-2E90-4819-B84C-34D33567EF17}.Release|Any CPU.ActiveCfg = Release|Any CPU
		{BF52266C-2E90-4819-B84C-34D33567EF17}.Release|Any CPU.Build.0 = Release|Any CPU
	EndGlobalSection
	GlobalSection(SolutionProperties) = preSolution
		HideSolutionNode = FALSE
	EndGlobalSection
	GlobalSection(ExtensibilityGlobals) = postSolution
		SolutionGuid = {B777B19B-EFC0-451C-A048-12E10DCA2752}
	EndGlobalSection
EndGlobal
